
Microsoft Visual Studio Solution File, Format Version 12.00
# Visual Studio Version 17
VisualStudioVersion = 17.7.34024.191
MinimumVisualStudioVersion = 10.0.40219.1
Project("{9A19103F-16F7-4668-BE54-9A1E7A4F7556}") = "GiApiGeral", "GiApiGeral\GiApiGeral.csproj", "{4A9FC3DA-C654-4C58-952E-A5101C4EE4E0}"
EndProject
Project("{FAE04EC0-301F-11D3-BF4B-00C04F79EFBC}") = "TesteDiApiGeral", "TesteDiApiGeral\TesteDiApiGeral.csproj", "{ED85F94C-214A-45D5-AC43-93334B563A99}"
EndProject
Global
	GlobalSection(SolutionConfigurationPlatforms) = preSolution
		Debug|Any CPU = Debug|Any CPU
		Release|Any CPU = Release|Any CPU
	EndGlobalSection
	GlobalSection(ProjectConfigurationPlatforms) = postSolution
		{4A9FC3DA-C654-4C58-952E-A5101C4EE4E0}.Debug|Any CPU.ActiveCfg = Debug|Any CPU
		{4A9FC3DA-C654-4C58-952E-A5101C4EE4E0}.Debug|Any CPU.Build.0 = Debug|Any CPU
		{4A9FC3DA-C654-4C58-952E-A5101C4EE4E0}.Release|Any CPU.ActiveCfg = Release|Any CPU
		{4A9FC3DA-C654-4C58-952E-A5101C4EE4E0}.Release|Any CPU.Build.0 = Release|Any CPU
		{ED85F94C-214A-45D5-AC43-93334B563A99}.Debug|Any CPU.ActiveCfg = Debug|Any CPU
		{ED85F94C-214A-45D5-AC43-93334B563A99}.Debug|Any CPU.Build.0 = Debug|Any CPU
		{ED85F94C-214A-45D5-AC43-93334B563A99}.Release|Any CPU.ActiveCfg = Release|Any CPU
		{ED85F94C-214A-45D5-AC43-93334B563A99}.Release|Any CPU.Build.0 = Release|Any CPU
	EndGlobalSection
	GlobalSection(SolutionProperties) = preSolution
		HideSolutionNode = FALSE
	EndGlobalSection
	GlobalSection(ExtensibilityGlobals) = postSolution
		SolutionGuid = {5ED27F4A-7484-4F75-87AF-ED152BCA6AA5}
	EndGlobalSection
EndGlobal
